
Microsoft Visual Studio Solution File, Format Version 12.00
# Visual Studio Version 16
VisualStudioVersion = 16.0.32228.343
MinimumVisualStudioVersion = 10.0.40219.1
Project("{8BC9CEB8-8B4A-11D0-8D11-00A0C91BC942}") = "Cone", "Cone\Cone.vcxproj", "{1719C7E4-74EC-40F9-989D-D366A3C8F21C}"
EndProject
Project("{8BC9CEB8-8B4A-11D0-8D11-00A0C91BC942}") = "Ctwo", "Ctwo\Ctwo.vcxproj", "{E9516D27-D9EE-460D-A64F-F5BAAED61591}"
EndProject
Project("{8BC9CEB8-8B4A-11D0-8D11-00A0C91BC942}") = "Cthree", "Cthree\Cthree.vcxproj", "{E29A0818-FE8D-45D9-927B-8974DD2C3DA5}"
EndProject
Project("{8BC9CEB8-8B4A-11D0-8D11-00A0C91BC942}") = "cstruct", "cstruct\cstruct.vcxproj", "{8B54AD54-83EB-4975-81F8-985F7D9B36E2}"
EndProject
Project("{8BC9CEB8-8B4A-11D0-8D11-00A0C91BC942}") = "CSwitch", "CSwtich\CSwtich.vcxproj", "{3C786D4F-3C38-4BCF-85BD-6741A56E9AF9}"
EndProject
Project("{8BC9CEB8-8B4A-11D0-8D11-00A0C91BC942}") = "Ctypedef", "Ctypedef\Ctypedef.vcxproj", "{8DB719FB-D4FC-4D57-992F-45AF05BFA462}"
EndProject
Project("{8BC9CEB8-8B4A-11D0-8D11-00A0C91BC942}") = "Cstr", "Cstr\Cstr.vcxproj", "{D361D5A1-EBEA-4D56-86A6-7B44DC13DA91}"
EndProject
Project("{8BC9CEB8-8B4A-11D0-8D11-00A0C91BC942}") = "Ctypechange", "Ctypechange\Ctypechange.vcxproj", "{A205C30D-80DE-4E33-ABD2-5E014434EC38}"
EndProject
Project("{8BC9CEB8-8B4A-11D0-8D11-00A0C91BC942}") = "Calloc", "Calloc\Calloc.vcxproj", "{A9CA401A-C921-44DD-9584-9F04BA1A2A74}"
EndProject
Project("{8BC9CEB8-8B4A-11D0-8D11-00A0C91BC942}") = "Cargc", "Cargc\Cargc.vcxproj", "{2EC84B20-D613-4DC9-AD15-D6BFAF9DCD13}"
EndProject
Project("{8BC9CEB8-8B4A-11D0-8D11-00A0C91BC942}") = "冒泡排序", "冒泡排序\冒泡排序.vcxproj", "{04402FFA-6BA0-41EE-B5B6-D7A716D38560}"
EndProject
Project("{8BC9CEB8-8B4A-11D0-8D11-00A0C91BC942}") = "Cavg", "Cavg\Cavg.vcxproj", "{E4F7BA0A-1426-43EE-8605-89F75976A28C}"
EndProject
Project("{8BC9CEB8-8B4A-11D0-8D11-00A0C91BC942}") = "Cexercise", "Cexercise\Cexercise.vcxproj", "{08E1E3EF-42BC-413E-B528-088CA7206A39}"
EndProject
Project("{8BC9CEB8-8B4A-11D0-8D11-00A0C91BC942}") = "Cexercise2", "Cexercise2\Cexercise2.vcxproj", "{929B3457-66E3-4020-BB41-93928618F176}"
EndProject
Project("{8BC9CEB8-8B4A-11D0-8D11-00A0C91BC942}") = "Cexercise3", "Cexercise3\Cexercise3.vcxproj", "{277A7D1D-946B-4814-B5EA-C4B3DE385609}"
EndProject
Project("{8BC9CEB8-8B4A-11D0-8D11-00A0C91BC942}") = "Cexercise4", "Cexercise4\Cexercise4.vcxproj", "{3E8D0338-867E-44A6-9CA8-3D791320A7E7}"
EndProject
Project("{8BC9CEB8-8B4A-11D0-8D11-00A0C91BC942}") = "Cexercise5", "Cexercise5\Cexercise5.vcxproj", "{C58A6BD7-A74D-4F2F-8055-2FE01C4EA05E}"
EndProject
Project("{8BC9CEB8-8B4A-11D0-8D11-00A0C91BC942}") = "test", "test\test.vcxproj", "{892B436A-38DB-42AB-81BF-489BA1F5CDD2}"
EndProject
Project("{8BC9CEB8-8B4A-11D0-8D11-00A0C91BC942}") = "test2", "test2\test2.vcxproj", "{9FD49080-083A-41AD-832C-A2AEFBAB7197}"
EndProject
Project("{8BC9CEB8-8B4A-11D0-8D11-00A0C91BC942}") = "test3", "test3\test3.vcxproj", "{2D38A22F-0991-4B95-B994-9150846C7504}"
EndProject
Global
	GlobalSection(SolutionConfigurationPlatforms) = preSolution
		Debug|Any CPU = Debug|Any CPU
		Debug|x64 = Debug|x64
		Debug|x86 = Debug|x86
		Release|Any CPU = Release|Any CPU
		Release|x64 = Release|x64
		Release|x86 = Release|x86
	EndGlobalSection
	GlobalSection(ProjectConfigurationPlatforms) = postSolution
		{1719C7E4-74EC-40F9-989D-D366A3C8F21C}.Debug|Any CPU.ActiveCfg = Debug|Win32
		{1719C7E4-74EC-40F9-989D-D366A3C8F21C}.Debug|x64.ActiveCfg = Debug|x64
		{1719C7E4-74EC-40F9-989D-D366A3C8F21C}.Debug|x64.Build.0 = Debug|x64
		{1719C7E4-74EC-40F9-989D-D366A3C8F21C}.Debug|x86.ActiveCfg = Debug|Win32
		{1719C7E4-74EC-40F9-989D-D366A3C8F21C}.Debug|x86.Build.0 = Debug|Win32
		{1719C7E4-74EC-40F9-989D-D366A3C8F21C}.Release|Any CPU.ActiveCfg = Release|Win32
		{1719C7E4-74EC-40F9-989D-D366A3C8F21C}.Release|x64.ActiveCfg = Release|x64
		{1719C7E4-74EC-40F9-989D-D366A3C8F21C}.Release|x64.Build.0 = Release|x64
		{1719C7E4-74EC-40F9-989D-D366A3C8F21C}.Release|x86.ActiveCfg = Release|Win32
		{1719C7E4-74EC-40F9-989D-D366A3C8F21C}.Release|x86.Build.0 = Release|Win32
		{E9516D27-D9EE-460D-A64F-F5BAAED61591}.Debug|Any CPU.ActiveCfg = Debug|Win32
		{E9516D27-D9EE-460D-A64F-F5BAAED61591}.Debug|x64.ActiveCfg = Debug|x64
		{E9516D27-D9EE-460D-A64F-F5BAAED61591}.Debug|x64.Build.0 = Debug|x64
		{E9516D27-D9EE-460D-A64F-F5BAAED61591}.Debug|x86.ActiveCfg = Debug|Win32
		{E9516D27-D9EE-460D-A64F-F5BAAED61591}.Debug|x86.Build.0 = Debug|Win32
		{E9516D27-D9EE-460D-A64F-F5BAAED61591}.Release|Any CPU.ActiveCfg = Release|Win32
		{E9516D27-D9EE-460D-A64F-F5BAAED61591}.Release|x64.ActiveCfg = Release|x64
		{E9516D27-D9EE-460D-A64F-F5BAAED61591}.Release|x64.Build.0 = Release|x64
		{E9516D27-D9EE-460D-A64F-F5BAAED61591}.Release|x86.ActiveCfg = Release|Win32
		{E9516D27-D9EE-460D-A64F-F5BAAED61591}.Release|x86.Build.0 = Release|Win32
		{E29A0818-FE8D-45D9-927B-8974DD2C3DA5}.Debug|Any CPU.ActiveCfg = Debug|Win32
		{E29A0818-FE8D-45D9-927B-8974DD2C3DA5}.Debug|x64.ActiveCfg = Debug|x64
		{E29A0818-FE8D-45D9-927B-8974DD2C3DA5}.Debug|x64.Build.0 = Debug|x64
		{E29A0818-FE8D-45D9-927B-8974DD2C3DA5}.Debug|x86.ActiveCfg = Debug|Win32
		{E29A0818-FE8D-45D9-927B-8974DD2C3DA5}.Debug|x86.Build.0 = Debug|Win32
		{E29A0818-FE8D-45D9-927B-8974DD2C3DA5}.Release|Any CPU.ActiveCfg = Release|Win32
		{E29A0818-FE8D-45D9-927B-8974DD2C3DA5}.Release|x64.ActiveCfg = Release|x64
		{E29A0818-FE8D-45D9-927B-8974DD2C3DA5}.Release|x64.Build.0 = Release|x64
		{E29A0818-FE8D-45D9-927B-8974DD2C3DA5}.Release|x86.ActiveCfg = Release|Win32
		{E29A0818-FE8D-45D9-927B-8974DD2C3DA5}.Release|x86.Build.0 = Release|Win32
		{8B54AD54-83EB-4975-81F8-985F7D9B36E2}.Debug|Any CPU.ActiveCfg = Debug|Win32
		{8B54AD54-83EB-4975-81F8-985F7D9B36E2}.Debug|x64.ActiveCfg = Debug|x64
		{8B54AD54-83EB-4975-81F8-985F7D9B36E2}.Debug|x64.Build.0 = Debug|x64
		{8B54AD54-83EB-4975-81F8-985F7D9B36E2}.Debug|x86.ActiveCfg = Debug|Win32
		{8B54AD54-83EB-4975-81F8-985F7D9B36E2}.Debug|x86.Build.0 = Debug|Win32
		{8B54AD54-83EB-4975-81F8-985F7D9B36E2}.Release|Any CPU.ActiveCfg = Release|Win32
		{8B54AD54-83EB-4975-81F8-985F7D9B36E2}.Release|x64.ActiveCfg = Release|x64
		{8B54AD54-83EB-4975-81F8-985F7D9B36E2}.Release|x64.Build.0 = Release|x64
		{8B54AD54-83EB-4975-81F8-985F7D9B36E2}.Release|x86.ActiveCfg = Release|Win32
		{8B54AD54-83EB-4975-81F8-985F7D9B36E2}.Release|x86.Build.0 = Release|Win32
		{3C786D4F-3C38-4BCF-85BD-6741A56E9AF9}.Debug|Any CPU.ActiveCfg = Debug|Win32
		{3C786D4F-3C38-4BCF-85BD-6741A56E9AF9}.Debug|x64.ActiveCfg = Debug|x64
		{3C786D4F-3C38-4BCF-85BD-6741A56E9AF9}.Debug|x64.Build.0 = Debug|x64
		{3C786D4F-3C38-4BCF-85BD-6741A56E9AF9}.Debug|x86.ActiveCfg = Debug|Win32
		{3C786D4F-3C38-4BCF-85BD-6741A56E9AF9}.Debug|x86.Build.0 = Debug|Win32
		{3C786D4F-3C38-4BCF-85BD-6741A56E9AF9}.Release|Any CPU.ActiveCfg = Release|Win32
		{3C786D4F-3C38-4BCF-85BD-6741A56E9AF9}.Release|x64.ActiveCfg = Release|x64
		{3C786D4F-3C38-4BCF-85BD-6741A56E9AF9}.Release|x64.Build.0 = Release|x64
		{3C786D4F-3C38-4BCF-85BD-6741A56E9AF9}.Release|x86.ActiveCfg = Release|Win32
		{3C786D4F-3C38-4BCF-85BD-6741A56E9AF9}.Release|x86.Build.0 = Release|Win32
		{8DB719FB-D4FC-4D57-992F-45AF05BFA462}.Debug|Any CPU.ActiveCfg = Debug|Win32
		{8DB719FB-D4FC-4D57-992F-45AF05BFA462}.Debug|x64.ActiveCfg = Debug|x64
		{8DB719FB-D4FC-4D57-992F-45AF05BFA462}.Debug|x64.Build.0 = Debug|x64
		{8DB719FB-D4FC-4D57-992F-45AF05BFA462}.Debug|x86.ActiveCfg = Debug|Win32
		{8DB719FB-D4FC-4D57-992F-45AF05BFA462}.Debug|x86.Build.0 = Debug|Win32
		{8DB719FB-D4FC-4D57-992F-45AF05BFA462}.Release|Any CPU.ActiveCfg = Release|Win32
		{8DB719FB-D4FC-4D57-992F-45AF05BFA462}.Release|x64.ActiveCfg = Release|x64
		{8DB719FB-D4FC-4D57-992F-45AF05BFA462}.Release|x64.Build.0 = Release|x64
		{8DB719FB-D4FC-4D57-992F-45AF05BFA462}.Release|x86.ActiveCfg = Release|Win32
		{8DB719FB-D4FC-4D57-992F-45AF05BFA462}.Release|x86.Build.0 = Release|Win32
		{D361D5A1-EBEA-4D56-86A6-7B44DC13DA91}.Debug|Any CPU.ActiveCfg = Debug|Win32
		{D361D5A1-EBEA-4D56-86A6-7B44DC13DA91}.Debug|x64.ActiveCfg = Debug|x64
		{D361D5A1-EBEA-4D56-86A6-7B44DC13DA91}.Debug|x64.Build.0 = Debug|x64
		{D361D5A1-EBEA-4D56-86A6-7B44DC13DA91}.Debug|x86.ActiveCfg = Debug|Win32
		{D361D5A1-EBEA-4D56-86A6-7B44DC13DA91}.Debug|x86.Build.0 = Debug|Win32
		{D361D5A1-EBEA-4D56-86A6-7B44DC13DA91}.Release|Any CPU.ActiveCfg = Release|Win32
		{D361D5A1-EBEA-4D56-86A6-7B44DC13DA91}.Release|x64.ActiveCfg = Release|x64
		{D361D5A1-EBEA-4D56-86A6-7B44DC13DA91}.Release|x64.Build.0 = Release|x64
		{D361D5A1-EBEA-4D56-86A6-7B44DC13DA91}.Release|x86.ActiveCfg = Release|Win32
		{D361D5A1-EBEA-4D56-86A6-7B44DC13DA91}.Release|x86.Build.0 = Release|Win32
		{A205C30D-80DE-4E33-ABD2-5E014434EC38}.Debug|Any CPU.ActiveCfg = Debug|Win32
		{A205C30D-80DE-4E33-ABD2-5E014434EC38}.Debug|x64.ActiveCfg = Debug|x64
		{A205C30D-80DE-4E33-ABD2-5E014434EC38}.Debug|x64.Build.0 = Debug|x64
		{A205C30D-80DE-4E33-ABD2-5E014434EC38}.Debug|x86.ActiveCfg = Debug|Win32
		{A205C30D-80DE-4E33-ABD2-5E014434EC38}.Debug|x86.Build.0 = Debug|Win32
		{A205C30D-80DE-4E33-ABD2-5E014434EC38}.Release|Any CPU.ActiveCfg = Release|Win32
		{A205C30D-80DE-4E33-ABD2-5E014434EC38}.Release|x64.ActiveCfg = Release|x64
		{A205C30D-80DE-4E33-ABD2-5E014434EC38}.Release|x64.Build.0 = Release|x64
		{A205C30D-80DE-4E33-ABD2-5E014434EC38}.Release|x86.ActiveCfg = Release|Win32
		{A205C30D-80DE-4E33-ABD2-5E014434EC38}.Release|x86.Build.0 = Release|Win32
		{A9CA401A-C921-44DD-9584-9F04BA1A2A74}.Debug|Any CPU.ActiveCfg = Debug|Win32
		{A9CA401A-C921-44DD-9584-9F04BA1A2A74}.Debug|x64.ActiveCfg = Debug|x64
		{A9CA401A-C921-44DD-9584-9F04BA1A2A74}.Debug|x64.Build.0 = Debug|x64
		{A9CA401A-C921-44DD-9584-9F04BA1A2A74}.Debug|x86.ActiveCfg = Debug|Win32
		{A9CA401A-C921-44DD-9584-9F04BA1A2A74}.Debug|x86.Build.0 = Debug|Win32
		{A9CA401A-C921-44DD-9584-9F04BA1A2A74}.Release|Any CPU.ActiveCfg = Release|Win32
		{A9CA401A-C921-44DD-9584-9F04BA1A2A74}.Release|x64.ActiveCfg = Release|x64
		{A9CA401A-C921-44DD-9584-9F04BA1A2A74}.Release|x64.Build.0 = Release|x64
		{A9CA401A-C921-44DD-9584-9F04BA1A2A74}.Release|x86.ActiveCfg = Release|Win32
		{A9CA401A-C921-44DD-9584-9F04BA1A2A74}.Release|x86.Build.0 = Release|Win32
		{2EC84B20-D613-4DC9-AD15-D6BFAF9DCD13}.Debug|Any CPU.ActiveCfg = Debug|Win32
		{2EC84B20-D613-4DC9-AD15-D6BFAF9DCD13}.Debug|x64.ActiveCfg = Debug|x64
		{2EC84B20-D613-4DC9-AD15-D6BFAF9DCD13}.Debug|x64.Build.0 = Debug|x64
		{2EC84B20-D613-4DC9-AD15-D6BFAF9DCD13}.Debug|x86.ActiveCfg = Debug|Win32
		{2EC84B20-D613-4DC9-AD15-D6BFAF9DCD13}.Debug|x86.Build.0 = Debug|Win32
		{2EC84B20-D613-4DC9-AD15-D6BFAF9DCD13}.Release|Any CPU.ActiveCfg = Release|Win32
		{2EC84B20-D613-4DC9-AD15-D6BFAF9DCD13}.Release|x64.ActiveCfg = Release|x64
		{2EC84B20-D613-4DC9-AD15-D6BFAF9DCD13}.Release|x64.Build.0 = Release|x64
		{2EC84B20-D613-4DC9-AD15-D6BFAF9DCD13}.Release|x86.ActiveCfg = Release|Win32
		{2EC84B20-D613-4DC9-AD15-D6BFAF9DCD13}.Release|x86.Build.0 = Release|Win32
		{04402FFA-6BA0-41EE-B5B6-D7A716D38560}.Debug|Any CPU.ActiveCfg = Debug|Win32
		{04402FFA-6BA0-41EE-B5B6-D7A716D38560}.Debug|x64.ActiveCfg = Debug|x64
		{04402FFA-6BA0-41EE-B5B6-D7A716D38560}.Debug|x64.Build.0 = Debug|x64
		{04402FFA-6BA0-41EE-B5B6-D7A716D38560}.Debug|x86.ActiveCfg = Debug|Win32
		{04402FFA-6BA0-41EE-B5B6-D7A716D38560}.Debug|x86.Build.0 = Debug|Win32
		{04402FFA-6BA0-41EE-B5B6-D7A716D38560}.Release|Any CPU.ActiveCfg = Release|Win32
		{04402FFA-6BA0-41EE-B5B6-D7A716D38560}.Release|x64.ActiveCfg = Release|x64
		{04402FFA-6BA0-41EE-B5B6-D7A716D38560}.Release|x64.Build.0 = Release|x64
		{04402FFA-6BA0-41EE-B5B6-D7A716D38560}.Release|x86.ActiveCfg = Release|Win32
		{04402FFA-6BA0-41EE-B5B6-D7A716D38560}.Release|x86.Build.0 = Release|Win32
		{E4F7BA0A-1426-43EE-8605-89F75976A28C}.Debug|Any CPU.ActiveCfg = Debug|Win32
		{E4F7BA0A-1426-43EE-8605-89F75976A28C}.Debug|x64.ActiveCfg = Debug|x64
		{E4F7BA0A-1426-43EE-8605-89F75976A28C}.Debug|x64.Build.0 = Debug|x64
		{E4F7BA0A-1426-43EE-8605-89F75976A28C}.Debug|x86.ActiveCfg = Debug|Win32
		{E4F7BA0A-1426-43EE-8605-89F75976A28C}.Debug|x86.Build.0 = Debug|Win32
		{E4F7BA0A-1426-43EE-8605-89F75976A28C}.Release|Any CPU.ActiveCfg = Release|Win32
		{E4F7BA0A-1426-43EE-8605-89F75976A28C}.Release|x64.ActiveCfg = Release|x64
		{E4F7BA0A-1426-43EE-8605-89F75976A28C}.Release|x64.Build.0 = Release|x64
		{E4F7BA0A-1426-43EE-8605-89F75976A28C}.Release|x86.ActiveCfg = Release|Win32
		{E4F7BA0A-1426-43EE-8605-89F75976A28C}.Release|x86.Build.0 = Release|Win32
		{08E1E3EF-42BC-413E-B528-088CA7206A39}.Debug|Any CPU.ActiveCfg = Debug|Win32
		{08E1E3EF-42BC-413E-B528-088CA7206A39}.Debug|x64.ActiveCfg = Debug|x64
		{08E1E3EF-42BC-413E-B528-088CA7206A39}.Debug|x64.Build.0 = Debug|x64
		{08E1E3EF-42BC-413E-B528-088CA7206A39}.Debug|x86.ActiveCfg = Debug|Win32
		{08E1E3EF-42BC-413E-B528-088CA7206A39}.Debug|x86.Build.0 = Debug|Win32
		{08E1E3EF-42BC-413E-B528-088CA7206A39}.Release|Any CPU.ActiveCfg = Release|Win32
		{08E1E3EF-42BC-413E-B528-088CA7206A39}.Release|x64.ActiveCfg = Release|x64
		{08E1E3EF-42BC-413E-B528-088CA7206A39}.Release|x64.Build.0 = Release|x64
		{08E1E3EF-42BC-413E-B528-088CA7206A39}.Release|x86.ActiveCfg = Release|Win32
		{08E1E3EF-42BC-413E-B528-088CA7206A39}.Release|x86.Build.0 = Release|Win32
		{929B3457-66E3-4020-BB41-93928618F176}.Debug|Any CPU.ActiveCfg = Debug|Win32
		{929B3457-66E3-4020-BB41-93928618F176}.Debug|x64.ActiveCfg = Debug|x64
		{929B3457-66E3-4020-BB41-93928618F176}.Debug|x64.Build.0 = Debug|x64
		{929B3457-66E3-4020-BB41-93928618F176}.Debug|x86.ActiveCfg = Debug|Win32
		{929B3457-66E3-4020-BB41-93928618F176}.Debug|x86.Build.0 = Debug|Win32
		{929B3457-66E3-4020-BB41-93928618F176}.Release|Any CPU.ActiveCfg = Release|Win32
		{929B3457-66E3-4020-BB41-93928618F176}.Release|x64.ActiveCfg = Release|x64
		{929B3457-66E3-4020-BB41-93928618F176}.Release|x64.Build.0 = Release|x64
		{929B3457-66E3-4020-BB41-93928618F176}.Release|x86.ActiveCfg = Release|Win32
		{929B3457-66E3-4020-BB41-93928618F176}.Release|x86.Build.0 = Release|Win32
		{277A7D1D-946B-4814-B5EA-C4B3DE385609}.Debug|Any CPU.ActiveCfg = Debug|Win32
		{277A7D1D-946B-4814-B5EA-C4B3DE385609}.Debug|x64.ActiveCfg = Debug|x64
		{277A7D1D-946B-4814-B5EA-C4B3DE385609}.Debug|x64.Build.0 = Debug|x64
		{277A7D1D-946B-4814-B5EA-C4B3DE385609}.Debug|x86.ActiveCfg = Debug|Win32
		{277A7D1D-946B-4814-B5EA-C4B3DE385609}.Debug|x86.Build.0 = Debug|Win32
		{277A7D1D-946B-4814-B5EA-C4B3DE385609}.Release|Any CPU.ActiveCfg = Release|Win32
		{277A7D1D-946B-4814-B5EA-C4B3DE385609}.Release|x64.ActiveCfg = Release|x64
		{277A7D1D-946B-4814-B5EA-C4B3DE385609}.Release|x64.Build.0 = Release|x64
		{277A7D1D-946B-4814-B5EA-C4B3DE385609}.Release|x86.ActiveCfg = Release|Win32
		{277A7D1D-946B-4814-B5EA-C4B3DE385609}.Release|x86.Build.0 = Release|Win32
		{3E8D0338-867E-44A6-9CA8-3D791320A7E7}.Debug|Any CPU.ActiveCfg = Debug|Win32
		{3E8D0338-867E-44A6-9CA8-3D791320A7E7}.Debug|x64.ActiveCfg = Debug|x64
		{3E8D0338-867E-44A6-9CA8-3D791320A7E7}.Debug|x64.Build.0 = Debug|x64
		{3E8D0338-867E-44A6-9CA8-3D791320A7E7}.Debug|x86.ActiveCfg = Debug|Win32
		{3E8D0338-867E-44A6-9CA8-3D791320A7E7}.Debug|x86.Build.0 = Debug|Win32
		{3E8D0338-867E-44A6-9CA8-3D791320A7E7}.Release|Any CPU.ActiveCfg = Release|Win32
		{3E8D0338-867E-44A6-9CA8-3D791320A7E7}.Release|x64.ActiveCfg = Release|x64
		{3E8D0338-867E-44A6-9CA8-3D791320A7E7}.Release|x64.Build.0 = Release|x64
		{3E8D0338-867E-44A6-9CA8-3D791320A7E7}.Release|x86.ActiveCfg = Release|Win32
		{3E8D0338-867E-44A6-9CA8-3D791320A7E7}.Release|x86.Build.0 = Release|Win32
		{C58A6BD7-A74D-4F2F-8055-2FE01C4EA05E}.Debug|Any CPU.ActiveCfg = Debug|Win32
		{C58A6BD7-A74D-4F2F-8055-2FE01C4EA05E}.Debug|x64.ActiveCfg = Debug|x64
		{C58A6BD7-A74D-4F2F-8055-2FE01C4EA05E}.Debug|x64.Build.0 = Debug|x64
		{C58A6BD7-A74D-4F2F-8055-2FE01C4EA05E}.Debug|x86.ActiveCfg = Debug|Win32
		{C58A6BD7-A74D-4F2F-8055-2FE01C4EA05E}.Debug|x86.Build.0 = Debug|Win32
		{C58A6BD7-A74D-4F2F-8055-2FE01C4EA05E}.Release|Any CPU.ActiveCfg = Release|Win32
		{C58A6BD7-A74D-4F2F-8055-2FE01C4EA05E}.Release|x64.ActiveCfg = Release|x64
		{C58A6BD7-A74D-4F2F-8055-2FE01C4EA05E}.Release|x64.Build.0 = Release|x64
		{C58A6BD7-A74D-4F2F-8055-2FE01C4EA05E}.Release|x86.ActiveCfg = Release|Win32
		{C58A6BD7-A74D-4F2F-8055-2FE01C4EA05E}.Release|x86.Build.0 = Release|Win32
		{892B436A-38DB-42AB-81BF-489BA1F5CDD2}.Debug|Any CPU.ActiveCfg = Debug|Win32
		{892B436A-38DB-42AB-81BF-489BA1F5CDD2}.Debug|x64.ActiveCfg = Debug|x64
		{892B436A-38DB-42AB-81BF-489BA1F5CDD2}.Debug|x64.Build.0 = Debug|x64
		{892B436A-38DB-42AB-81BF-489BA1F5CDD2}.Debug|x86.ActiveCfg = Debug|Win32
		{892B436A-38DB-42AB-81BF-489BA1F5CDD2}.Debug|x86.Build.0 = Debug|Win32
		{892B436A-38DB-42AB-81BF-489BA1F5CDD2}.Release|Any CPU.ActiveCfg = Release|Win32
		{892B436A-38DB-42AB-81BF-489BA1F5CDD2}.Release|x64.ActiveCfg = Release|x64
		{892B436A-38DB-42AB-81BF-489BA1F5CDD2}.Release|x64.Build.0 = Release|x64
		{892B436A-38DB-42AB-81BF-489BA1F5CDD2}.Release|x86.ActiveCfg = Release|Win32
		{892B436A-38DB-42AB-81BF-489BA1F5CDD2}.Release|x86.Build.0 = Release|Win32
		{9FD49080-083A-41AD-832C-A2AEFBAB7197}.Debug|Any CPU.ActiveCfg = Debug|Win32
		{9FD49080-083A-41AD-832C-A2AEFBAB7197}.Debug|x64.ActiveCfg = Debug|x64
		{9FD49080-083A-41AD-832C-A2AEFBAB7197}.Debug|x64.Build.0 = Debug|x64
		{9FD49080-083A-41AD-832C-A2AEFBAB7197}.Debug|x86.ActiveCfg = Debug|Win32
		{9FD49080-083A-41AD-832C-A2AEFBAB7197}.Debug|x86.Build.0 = Debug|Win32
		{9FD49080-083A-41AD-832C-A2AEFBAB7197}.Release|Any CPU.ActiveCfg = Release|Win32
		{9FD49080-083A-41AD-832C-A2AEFBAB7197}.Release|x64.ActiveCfg = Release|x64
		{9FD49080-083A-41AD-832C-A2AEFBAB7197}.Release|x64.Build.0 = Release|x64
		{9FD49080-083A-41AD-832C-A2AEFBAB7197}.Release|x86.ActiveCfg = Release|Win32
		{9FD49080-083A-41AD-832C-A2AEFBAB7197}.Release|x86.Build.0 = Release|Win32
		{2D38A22F-0991-4B95-B994-9150846C7504}.Debug|Any CPU.ActiveCfg = Debug|Win32
		{2D38A22F-0991-4B95-B994-9150846C7504}.Debug|x64.ActiveCfg = Debug|x64
		{2D38A22F-0991-4B95-B994-9150846C7504}.Debug|x64.Build.0 = Debug|x64
		{2D38A22F-0991-4B95-B994-9150846C7504}.Debug|x86.ActiveCfg = Debug|Win32
		{2D38A22F-0991-4B95-B994-9150846C7504}.Debug|x86.Build.0 = Debug|Win32
		{2D38A22F-0991-4B95-B994-9150846C7504}.Release|Any CPU.ActiveCfg = Release|Win32
		{2D38A22F-0991-4B95-B994-9150846C7504}.Release|x64.ActiveCfg = Release|x64
		{2D38A22F-0991-4B95-B994-9150846C7504}.Release|x64.Build.0 = Release|x64
		{2D38A22F-0991-4B95-B994-9150846C7504}.Release|x86.ActiveCfg = Release|Win32
		{2D38A22F-0991-4B95-B994-9150846C7504}.Release|x86.Build.0 = Release|Win32
	EndGlobalSection
	GlobalSection(SolutionProperties) = preSolution
		HideSolutionNode = FALSE
	EndGlobalSection
	GlobalSection(ExtensibilityGlobals) = postSolution
		SolutionGuid = {569C0E7B-68EE-44CA-A46A-7AC85D4F5007}
	EndGlobalSection
EndGlobal
